// !$*UTF8*$!
{
	archiveVersion = 1;
	classes = {
	};
	objectVersion = 77;
	objects = {

/* Begin PBXBuildFile section */
		AA3300000000000000000003 /* AsyncAlgorithms in Frameworks */ = {isa = PBXBuildFile; productRef = AA3300000000000000000002 /* AsyncAlgorithms */; };
		AA3300000000000000000005 /* AsyncAlgorithms in Frameworks */ = {isa = PBXBuildFile; productRef = AA3300000000000000000004 /* AsyncAlgorithms */; };
/* End PBXBuildFile section */

/* Begin PBXContainerItemProxy section */
		AA110000000000000000000B /* PBXContainerItemProxy */ = {
			isa = PBXContainerItemProxy;
			containerPortal = 577A75C62F4362CB0072CE59 /* Project object */;
			proxyType = 1;
			remoteGlobalIDString = 577A75CD2F4362CB0072CE59;
			remoteInfo = echos;
		};
		AA220000000000000000000B /* PBXContainerItemProxy */ = {
			isa = PBXContainerItemProxy;
			containerPortal = 577A75C62F4362CB0072CE59 /* Project object */;
			proxyType = 1;
			remoteGlobalIDString = 577A75CD2F4362CB0072CE59;
			remoteInfo = echos;
		};
/* End PBXContainerItemProxy section */

/* Begin PBXFileReference section */
		577A75CE2F4362CB0072CE59 /* echos.app */ = {isa = PBXFileReference; explicitFileType = wrapper.application; includeInIndex = 0; path = echos.app; sourceTree = BUILT_PRODUCTS_DIR; };
		AA1100000000000000000002 /* echosTests.xctest */ = {isa = PBXFileReference; explicitFileType = wrapper.cfbundle; includeInIndex = 0; path = echosTests.xctest; sourceTree = BUILT_PRODUCTS_DIR; };
		AA2200000000000000000002 /* echosIntegrationTests.xctest */ = {isa = PBXFileReference; explicitFileType = wrapper.cfbundle; includeInIndex = 0; path = echosIntegrationTests.xctest; sourceTree = BUILT_PRODUCTS_DIR; };
/* End PBXFileReference section */

/* Begin PBXFileSystemSynchronizedBuildFileExceptionSet section */
		577A75E02F4362CC0072CE59 /* Exceptions for "echos" folder in "echos" target */ = {
			isa = PBXFileSystemSynchronizedBuildFileExceptionSet;
			membershipExceptions = (
				Info.plist,
			);
			target = 577A75CD2F4362CB0072CE59 /* echos */;
		};
/* End PBXFileSystemSynchronizedBuildFileExceptionSet section */

/* Begin PBXFileSystemSynchronizedRootGroup section */
		577A75D02F4362CB0072CE59 /* echos */ = {
			isa = PBXFileSystemSynchronizedRootGroup;
			exceptions = (
				577A75E02F4362CC0072CE59 /* Exceptions for "echos" folder in "echos" target */,
			);
			path = echos;
			sourceTree = "<group>";
		};
		AA1100000000000000000003 /* echosTests */ = {
			isa = PBXFileSystemSynchronizedRootGroup;
			path = echosTests;
			sourceTree = "<group>";
		};
		AA2200000000000000000003 /* echosIntegrationTests */ = {
			isa = PBXFileSystemSynchronizedRootGroup;
			path = echosIntegrationTests;
			sourceTree = "<group>";
		};
/* End PBXFileSystemSynchronizedRootGroup section */

/* Begin PBXFrameworksBuildPhase section */
		577A75CB2F4362CB0072CE59 /* Frameworks */ = {
			isa = PBXFrameworksBuildPhase;
			buildActionMask = 2147483647;
			files = (
				AA3300000000000000000003 /* AsyncAlgorithms in Frameworks */,
			);
			runOnlyForDeploymentPostprocessing = 0;
		};
		AA1100000000000000000005 /* Frameworks */ = {
			isa = PBXFrameworksBuildPhase;
			buildActionMask = 2147483647;
			files = (
				AA3300000000000000000005 /* AsyncAlgorithms in Frameworks */,
			);
			runOnlyForDeploymentPostprocessing = 0;
		};
		AA2200000000000000000005 /* Frameworks */ = {
			isa = PBXFrameworksBuildPhase;
			buildActionMask = 2147483647;
			files = (
			);
			runOnlyForDeploymentPostprocessing = 0;
		};
/* End PBXFrameworksBuildPhase section */

/* Begin PBXGroup section */
		577A75C52F4362CB0072CE59 = {
			isa = PBXGroup;
			children = (
				577A75D02F4362CB0072CE59 /* echos */,
				AA1100000000000000000003 /* echosTests */,
				AA2200000000000000000003 /* echosIntegrationTests */,
				577A75CF2F4362CB0072CE59 /* Products */,
			);
			sourceTree = "<group>";
		};
		577A75CF2F4362CB0072CE59 /* Products */ = {
			isa = PBXGroup;
			children = (
				577A75CE2F4362CB0072CE59 /* echos.app */,
				AA1100000000000000000002 /* echosTests.xctest */,
				AA2200000000000000000002 /* echosIntegrationTests.xctest */,
			);
			name = Products;
			sourceTree = "<group>";
		};
/* End PBXGroup section */

/* Begin PBXNativeTarget section */
		577A75CD2F4362CB0072CE59 /* echos */ = {
			isa = PBXNativeTarget;
			buildConfigurationList = 577A75E12F4362CC0072CE59 /* Build configuration list for PBXNativeTarget "echos" */;
			buildPhases = (
				577A75CA2F4362CB0072CE59 /* Sources */,
				577A75CB2F4362CB0072CE59 /* Frameworks */,
				577A75CC2F4362CB0072CE59 /* Resources */,
			);
			buildRules = (
			);
			dependencies = (
			);
			fileSystemSynchronizedGroups = (
				577A75D02F4362CB0072CE59 /* echos */,
			);
			name = echos;
			packageProductDependencies = (
				AA3300000000000000000002 /* AsyncAlgorithms */,
			);
			productName = echos;
			productReference = 577A75CE2F4362CB0072CE59 /* echos.app */;
			productType = "com.apple.product-type.application";
		};
		AA1100000000000000000001 /* echosTests */ = {
			isa = PBXNativeTarget;
			buildConfigurationList = AA1100000000000000000007 /* Build configuration list for PBXNativeTarget "echosTests" */;
			buildPhases = (
				AA1100000000000000000004 /* Sources */,
				AA1100000000000000000005 /* Frameworks */,
				AA1100000000000000000006 /* Resources */,
			);
			buildRules = (
			);
			dependencies = (
				AA110000000000000000000A /* PBXTargetDependency */,
			);
			fileSystemSynchronizedGroups = (
				AA1100000000000000000003 /* echosTests */,
			);
			name = echosTests;
			packageProductDependencies = (
				AA3300000000000000000004 /* AsyncAlgorithms */,
			);
			productName = echosTests;
			productReference = AA1100000000000000000002 /* echosTests.xctest */;
			productType = "com.apple.product-type.bundle.unit-test";
		};
		AA2200000000000000000001 /* echosIntegrationTests */ = {
			isa = PBXNativeTarget;
			buildConfigurationList = AA2200000000000000000007 /* Build configuration list for PBXNativeTarget "echosIntegrationTests" */;
			buildPhases = (
				AA2200000000000000000004 /* Sources */,
				AA2200000000000000000005 /* Frameworks */,
				AA2200000000000000000006 /* Resources */,
			);
			buildRules = (
			);
			dependencies = (
				AA220000000000000000000A /* PBXTargetDependency */,
			);
			fileSystemSynchronizedGroups = (
				AA2200000000000000000003 /* echosIntegrationTests */,
			);
			name = echosIntegrationTests;
			packageProductDependencies = (
			);
			productName = echosIntegrationTests;
			productReference = AA2200000000000000000002 /* echosIntegrationTests.xctest */;
			productType = "com.apple.product-type.bundle.unit-test";
		};
/* End PBXNativeTarget section */

/* Begin PBXProject section */
		577A75C62F4362CB0072CE59 /* Project object */ = {
			isa = PBXProject;
			attributes = {
				BuildIndependentTargetsInParallel = 1;
				LastSwiftUpdateCheck = 1620;
				LastUpgradeCheck = 1620;
				TargetAttributes = {
					577A75CD2F4362CB0072CE59 = {
						CreatedOnToolsVersion = 16.2;
					};
					AA1100000000000000000001 = {
						CreatedOnToolsVersion = 26.4.1;
						TestTargetID = 577A75CD2F4362CB0072CE59;
					};
					AA2200000000000000000001 = {
						CreatedOnToolsVersion = 26.4.1;
						TestTargetID = 577A75CD2F4362CB0072CE59;
					};
				};
			};
			buildConfigurationList = 577A75C92F4362CB0072CE59 /* Build configuration list for PBXProject "echos" */;
			developmentRegion = en;
			hasScannedForEncodings = 0;
			knownRegions = (
				en,
				Base,
			);
			mainGroup = 577A75C52F4362CB0072CE59;
			minimizedProjectReferenceProxies = 1;
			packageReferences = (
				AA3300000000000000000001 /* XCRemoteSwiftPackageReference "swift-async-algorithms" */,
			);
			preferredProjectObjectVersion = 77;
			productRefGroup = 577A75CF2F4362CB0072CE59 /* Products */;
			projectDirPath = "";
			projectRoot = "";
			targets = (
				577A75CD2F4362CB0072CE59 /* echos */,
				AA1100000000000000000001 /* echosTests */,
				AA2200000000000000000001 /* echosIntegrationTests */,
			);
		};
/* End PBXProject section */

/* Begin PBXResourcesBuildPhase section */
		577A75CC2F4362CB0072CE59 /* Resources */ = {
			isa = PBXResourcesBuildPhase;
			buildActionMask = 2147483647;
			files = (
			);
			runOnlyForDeploymentPostprocessing = 0;
		};
		AA1100000000000000000006 /* Resources */ = {
			isa = PBXResourcesBuildPhase;
			buildActionMask = 2147483647;
			files = (
			);
			runOnlyForDeploymentPostprocessing = 0;
		};
		AA2200000000000000000006 /* Resources */ = {
			isa = PBXResourcesBuildPhase;
			buildActionMask = 2147483647;
			files = (
			);
			runOnlyForDeploymentPostprocessing = 0;
		};
/* End PBXResourcesBuildPhase section */

/* Begin PBXSourcesBuildPhase section */
		577A75CA2F4362CB0072CE59 /* Sources */ = {
			isa = PBXSourcesBuildPhase;
			buildActionMask = 2147483647;
			files = (
			);
			runOnlyForDeploymentPostprocessing = 0;
		};
		AA1100000000000000000004 /* Sources */ = {
			isa = PBXSourcesBuildPhase;
			buildActionMask = 2147483647;
			files = (
			);
			runOnlyForDeploymentPostprocessing = 0;
		};
		AA2200000000000000000004 /* Sources */ = {
			isa = PBXSourcesBuildPhase;
			buildActionMask = 2147483647;
			files = (
			);
			runOnlyForDeploymentPostprocessing = 0;
		};
/* End PBXSourcesBuildPhase section */

/* Begin PBXTargetDependency section */
		AA110000000000000000000A /* PBXTargetDependency */ = {
			isa = PBXTargetDependency;
			target = 577A75CD2F4362CB0072CE59 /* echos */;
			targetProxy = AA110000000000000000000B /* PBXContainerItemProxy */;
		};
		AA220000000000000000000A /* PBXTargetDependency */ = {
			isa = PBXTargetDependency;
			target = 577A75CD2F4362CB0072CE59 /* echos */;
			targetProxy = AA220000000000000000000B /* PBXContainerItemProxy */;
		};
/* End PBXTargetDependency section */

/* Begin XCBuildConfiguration section */
		577A75E22F4362CC0072CE59 /* Debug */ = {
			isa = XCBuildConfiguration;
			buildSettings = {
				ASSETCATALOG_COMPILER_APPICON_NAME = AppIcon;
				ASSETCATALOG_COMPILER_GLOBAL_ACCENT_COLOR_NAME = AccentColor;
				CODE_SIGN_STYLE = Automatic;
				CURRENT_PROJECT_VERSION = 1;
				DEVELOPMENT_TEAM = B76Y2NFCBM;
				GENERATE_INFOPLIST_FILE = YES;
				INFOPLIST_FILE = echos/Info.plist;
				INFOPLIST_KEY_NSBluetoothAlwaysUsageDescription = "echos использует Bluetooth для поиска устройств рядом.";
				INFOPLIST_KEY_NSLocalNetworkUsageDescription = "echos использует локальную сеть для обмена сообщениями.";
				INFOPLIST_KEY_UIApplicationSupportsIndirectInputEvents = YES;
				INFOPLIST_KEY_UILaunchStoryboardName = LaunchScreen;
				INFOPLIST_KEY_UIStatusBarStyle = UIStatusBarStyleLightContent;
				INFOPLIST_KEY_UISupportedInterfaceOrientations_iPad = "UIInterfaceOrientationPortrait UIInterfaceOrientationPortraitUpsideDown UIInterfaceOrientationLandscapeLeft UIInterfaceOrientationLandscapeRight";
				INFOPLIST_KEY_UISupportedInterfaceOrientations_iPhone = "UIInterfaceOrientationPortrait UIInterfaceOrientationLandscapeLeft UIInterfaceOrientationLandscapeRight";
				LD_RUNPATH_SEARCH_PATHS = (
					"$(inherited)",
					"@executable_path/Frameworks",
				);
				MARKETING_VERSION = 1.0;
				PRODUCT_BUNDLE_IDENTIFIER = com.kitreezyliz.echos;
				PRODUCT_NAME = "$(TARGET_NAME)";
				SWIFT_EMIT_LOC_STRINGS = YES;
				SWIFT_VERSION = 6.0;
				TARGETED_DEVICE_FAMILY = "1,2";
			};
			name = Debug;
		};
		577A75E32F4362CC0072CE59 /* Release */ = {
			isa = XCBuildConfiguration;
			buildSettings = {
				ASSETCATALOG_COMPILER_APPICON_NAME = AppIcon;
				ASSETCATALOG_COMPILER_GLOBAL_ACCENT_COLOR_NAME = AccentColor;
				CODE_SIGN_STYLE = Automatic;
				CURRENT_PROJECT_VERSION = 1;
				DEVELOPMENT_TEAM = B76Y2NFCBM;
				GENERATE_INFOPLIST_FILE = YES;
				INFOPLIST_FILE = echos/Info.plist;
				INFOPLIST_KEY_NSBluetoothAlwaysUsageDescription = "echos использует Bluetooth для поиска устройств рядом.";
				INFOPLIST_KEY_NSLocalNetworkUsageDescription = "echos использует локальную сеть для обмена сообщениями.";
				INFOPLIST_KEY_UIApplicationSupportsIndirectInputEvents = YES;
				INFOPLIST_KEY_UILaunchStoryboardName = LaunchScreen;
				INFOPLIST_KEY_UIStatusBarStyle = UIStatusBarStyleLightContent;
				INFOPLIST_KEY_UISupportedInterfaceOrientations_iPad = "UIInterfaceOrientationPortrait UIInterfaceOrientationPortraitUpsideDown UIInterfaceOrientationLandscapeLeft UIInterfaceOrientationLandscapeRight";
				INFOPLIST_KEY_UISupportedInterfaceOrientations_iPhone = "UIInterfaceOrientationPortrait UIInterfaceOrientationLandscapeLeft UIInterfaceOrientationLandscapeRight";
				LD_RUNPATH_SEARCH_PATHS = (
					"$(inherited)",
					"@executable_path/Frameworks",
				);
				MARKETING_VERSION = 1.0;
				PRODUCT_BUNDLE_IDENTIFIER = com.kitreezyliz.echos;
				PRODUCT_NAME = "$(TARGET_NAME)";
				SWIFT_EMIT_LOC_STRINGS = YES;
				SWIFT_VERSION = 6.0;
				TARGETED_DEVICE_FAMILY = "1,2";
			};
			name = Release;
		};
		577A75E42F4362CC0072CE59 /* Debug */ = {
			isa = XCBuildConfiguration;
			buildSettings = {
				ALWAYS_SEARCH_USER_PATHS = NO;
				ASSETCATALOG_COMPILER_GENERATE_SWIFT_ASSET_SYMBOL_EXTENSIONS = YES;
				CLANG_ANALYZER_NONNULL = YES;
				CLANG_ANALYZER_NUMBER_OBJECT_CONVERSION = YES_AGGRESSIVE;
				CLANG_CXX_LANGUAGE_STANDARD = "gnu++20";
				CLANG_ENABLE_MODULES = YES;
				CLANG_ENABLE_OBJC_ARC = YES;
				CLANG_ENABLE_OBJC_WEAK = YES;
				CLANG_WARN_BLOCK_CAPTURE_AUTORELEASING = YES;
				CLANG_WARN_BOOL_CONVERSION = YES;
				CLANG_WARN_COMMA = YES;
				CLANG_WARN_CONSTANT_CONVERSION = YES;
				CLANG_WARN_DEPRECATED_OBJC_IMPLEMENTATIONS = YES;
				CLANG_WARN_DIRECT_OBJC_ISA_USAGE = YES_ERROR;
				CLANG_WARN_DOCUMENTATION_COMMENTS = YES;
				CLANG_WARN_EMPTY_BODY = YES;
				CLANG_WARN_ENUM_CONVERSION = YES;
				CLANG_WARN_INFINITE_RECURSION = YES;
				CLANG_WARN_INT_CONVERSION = YES;
				CLANG_WARN_NON_LITERAL_NULL_CONVERSION = YES;
				CLANG_WARN_OBJC_IMPLICIT_RETAIN_SELF = YES;
				CLANG_WARN_OBJC_LITERAL_CONVERSION = YES;
				CLANG_WARN_OBJC_ROOT_CLASS = YES_ERROR;
				CLANG_WARN_QUOTED_INCLUDE_IN_FRAMEWORK_HEADER = YES;
				CLANG_WARN_RANGE_LOOP_ANALYSIS = YES;
				CLANG_WARN_STRICT_PROTOTYPES = YES;
				CLANG_WARN_SUSPICIOUS_MOVE = YES;
				CLANG_WARN_UNGUARDED_AVAILABILITY = YES_AGGRESSIVE;
				CLANG_WARN_UNREACHABLE_CODE = YES;
				CLANG_WARN__DUPLICATE_METHOD_MATCH = YES;
				COPY_PHASE_STRIP = NO;
				DEBUG_INFORMATION_FORMAT = dwarf;
				ENABLE_STRICT_OBJC_MSGSEND = YES;
				ENABLE_TESTABILITY = YES;
				ENABLE_USER_SCRIPT_SANDBOXING = YES;
				GCC_C_LANGUAGE_STANDARD = gnu17;
				GCC_DYNAMIC_NO_PIC = NO;
				GCC_NO_COMMON_BLOCKS = YES;
				GCC_OPTIMIZATION_LEVEL = 0;
				GCC_PREPROCESSOR_DEFINITIONS = (
					"DEBUG=1",
					"$(inherited)",
				);
				GCC_WARN_64_TO_32_BIT_CONVERSION = YES;
				GCC_WARN_ABOUT_RETURN_TYPE = YES_ERROR;
				GCC_WARN_UNDECLARED_SELECTOR = YES;
				GCC_WARN_UNINITIALIZED_AUTOS = YES_AGGRESSIVE;
				GCC_WARN_UNUSED_FUNCTION = YES;
				GCC_WARN_UNUSED_VARIABLE = YES;
				IPHONEOS_DEPLOYMENT_TARGET = 18.2;
				LOCALIZATION_PREFERS_STRING_CATALOGS = YES;
				MTL_ENABLE_DEBUG_INFO = INCLUDE_SOURCE;
				MTL_FAST_MATH = YES;
				ONLY_ACTIVE_ARCH = YES;
				SDKROOT = iphoneos;
				SWIFT_ACTIVE_COMPILATION_CONDITIONS = "DEBUG $(inherited)";
				SWIFT_OPTIMIZATION_LEVEL = "-Onone";
			};
			name = Debug;
		};
		577A75E52F4362CC0072CE59 /* Release */ = {
			isa = XCBuildConfiguration;
			buildSettings = {
				ALWAYS_SEARCH_USER_PATHS = NO;
				ASSETCATALOG_COMPILER_GENERATE_SWIFT_ASSET_SYMBOL_EXTENSIONS = YES;
				CLANG_ANALYZER_NONNULL = YES;
				CLANG_ANALYZER_NUMBER_OBJECT_CONVERSION = YES_AGGRESSIVE;
				CLANG_CXX_LANGUAGE_STANDARD = "gnu++20";
				CLANG_ENABLE_MODULES = YES;
				CLANG_ENABLE_OBJC_ARC = YES;
				CLANG_ENABLE_OBJC_WEAK = YES;
				CLANG_WARN_BLOCK_CAPTURE_AUTORELEASING = YES;
				CLANG_WARN_BOOL_CONVERSION = YES;
				CLANG_WARN_COMMA = YES;
				CLANG_WARN_CONSTANT_CONVERSION = YES;
				CLANG_WARN_DEPRECATED_OBJC_IMPLEMENTATIONS = YES;
				CLANG_WARN_DIRECT_OBJC_ISA_USAGE = YES_ERROR;
				CLANG_WARN_DOCUMENTATION_COMMENTS = YES;
				CLANG_WARN_EMPTY_BODY = YES;
				CLANG_WARN_ENUM_CONVERSION = YES;
				CLANG_WARN_INFINITE_RECURSION = YES;
				CLANG_WARN_INT_CONVERSION = YES;
				CLANG_WARN_NON_LITERAL_NULL_CONVERSION = YES;
				CLANG_WARN_OBJC_IMPLICIT_RETAIN_SELF = YES;
				CLANG_WARN_OBJC_LITERAL_CONVERSION = YES;
				CLANG_WARN_OBJC_ROOT_CLASS = YES_ERROR;
				CLANG_WARN_QUOTED_INCLUDE_IN_FRAMEWORK_HEADER = YES;
				CLANG_WARN_RANGE_LOOP_ANALYSIS = YES;
				CLANG_WARN_STRICT_PROTOTYPES = YES;
				CLANG_WARN_SUSPICIOUS_MOVE = YES;
				CLANG_WARN_UNGUARDED_AVAILABILITY = YES_AGGRESSIVE;
				CLANG_WARN_UNREACHABLE_CODE = YES;
				CLANG_WARN__DUPLICATE_METHOD_MATCH = YES;
				COPY_PHASE_STRIP = NO;
				DEBUG_INFORMATION_FORMAT = "dwarf-with-dsym";
				ENABLE_NS_ASSERTIONS = NO;
				ENABLE_STRICT_OBJC_MSGSEND = YES;
				ENABLE_USER_SCRIPT_SANDBOXING = YES;
				GCC_C_LANGUAGE_STANDARD = gnu17;
				GCC_NO_COMMON_BLOCKS = YES;
				GCC_WARN_64_TO_32_BIT_CONVERSION = YES;
				GCC_WARN_ABOUT_RETURN_TYPE = YES_ERROR;
				GCC_WARN_UNDECLARED_SELECTOR = YES;
				GCC_WARN_UNINITIALIZED_AUTOS = YES_AGGRESSIVE;
				GCC_WARN_UNUSED_FUNCTION = YES;
				GCC_WARN_UNUSED_VARIABLE = YES;
				IPHONEOS_DEPLOYMENT_TARGET = 18.2;
				LOCALIZATION_PREFERS_STRING_CATALOGS = YES;
				MTL_ENABLE_DEBUG_INFO = NO;
				MTL_FAST_MATH = YES;
				SDKROOT = iphoneos;
				SWIFT_COMPILATION_MODE = wholemodule;
				VALIDATE_PRODUCT = YES;
			};
			name = Release;
		};
		AA1100000000000000000008 /* Debug */ = {
			isa = XCBuildConfiguration;
			buildSettings = {
				ALWAYS_EMBED_SWIFT_STANDARD_LIBRARIES = YES;
				BUNDLE_LOADER = "$(TEST_HOST)";
				CODE_SIGN_STYLE = Automatic;
				CURRENT_PROJECT_VERSION = 1;
				DEVELOPMENT_TEAM = LJZ97X76W9;
				GENERATE_INFOPLIST_FILE = YES;
				MARKETING_VERSION = 1.0;
				PRODUCT_BUNDLE_IDENTIFIER = com.kitreezy.echosTests;
				PRODUCT_NAME = "$(TARGET_NAME)";
				SWIFT_EMIT_LOC_STRINGS = NO;
				SWIFT_VERSION = 6.0;
				TARGETED_DEVICE_FAMILY = "1,2";
				TEST_HOST = "$(BUILT_PRODUCTS_DIR)/echos.app/$(BUNDLE_EXECUTABLE_FOLDER_PATH)/echos";
				TEST_TARGET_NAME = echos;
			};
			name = Debug;
		};
		AA1100000000000000000009 /* Release */ = {
			isa = XCBuildConfiguration;
			buildSettings = {
				ALWAYS_EMBED_SWIFT_STANDARD_LIBRARIES = YES;
				BUNDLE_LOADER = "$(TEST_HOST)";
				CODE_SIGN_STYLE = Automatic;
				CURRENT_PROJECT_VERSION = 1;
				DEVELOPMENT_TEAM = LJZ97X76W9;
				GENERATE_INFOPLIST_FILE = YES;
				MARKETING_VERSION = 1.0;
				PRODUCT_BUNDLE_IDENTIFIER = com.kitreezy.echosTests;
				PRODUCT_NAME = "$(TARGET_NAME)";
				SWIFT_EMIT_LOC_STRINGS = NO;
				SWIFT_VERSION = 6.0;
				TARGETED_DEVICE_FAMILY = "1,2";
				TEST_HOST = "$(BUILT_PRODUCTS_DIR)/echos.app/$(BUNDLE_EXECUTABLE_FOLDER_PATH)/echos";
				TEST_TARGET_NAME = echos;
			};
			name = Release;
		};
		AA2200000000000000000008 /* Debug */ = {
			isa = XCBuildConfiguration;
			buildSettings = {
				ALWAYS_EMBED_SWIFT_STANDARD_LIBRARIES = YES;
				BUNDLE_LOADER = "$(TEST_HOST)";
				CODE_SIGN_STYLE = Automatic;
				CURRENT_PROJECT_VERSION = 1;
				DEVELOPMENT_TEAM = LJZ97X76W9;
				GENERATE_INFOPLIST_FILE = YES;
				MARKETING_VERSION = 1.0;
				PRODUCT_BUNDLE_IDENTIFIER = com.kitreezy.echosIntegrationTests;
				PRODUCT_NAME = "$(TARGET_NAME)";
				SWIFT_EMIT_LOC_STRINGS = NO;
				SWIFT_VERSION = 6.0;
				TARGETED_DEVICE_FAMILY = "1,2";
				TEST_HOST = "$(BUILT_PRODUCTS_DIR)/echos.app/$(BUNDLE_EXECUTABLE_FOLDER_PATH)/echos";
				TEST_TARGET_NAME = echos;
			};
			name = Debug;
		};
		AA2200000000000000000009 /* Release */ = {
			isa = XCBuildConfiguration;
			buildSettings = {
				ALWAYS_EMBED_SWIFT_STANDARD_LIBRARIES = YES;
				BUNDLE_LOADER = "$(TEST_HOST)";
				CODE_SIGN_STYLE = Automatic;
				CURRENT_PROJECT_VERSION = 1;
				DEVELOPMENT_TEAM = LJZ97X76W9;
				GENERATE_INFOPLIST_FILE = YES;
				MARKETING_VERSION = 1.0;
				PRODUCT_BUNDLE_IDENTIFIER = com.kitreezy.echosIntegrationTests;
				PRODUCT_NAME = "$(TARGET_NAME)";
				SWIFT_EMIT_LOC_STRINGS = NO;
				SWIFT_VERSION = 6.0;
				TARGETED_DEVICE_FAMILY = "1,2";
				TEST_HOST = "$(BUILT_PRODUCTS_DIR)/echos.app/$(BUNDLE_EXECUTABLE_FOLDER_PATH)/echos";
				TEST_TARGET_NAME = echos;
			};
			name = Release;
		};
/* End XCBuildConfiguration section */

/* Begin XCConfigurationList section */
		577A75C92F4362CB0072CE59 /* Build configuration list for PBXProject "echos" */ = {
			isa = XCConfigurationList;
			buildConfigurations = (
				577A75E42F4362CC0072CE59 /* Debug */,
				577A75E52F4362CC0072CE59 /* Release */,
			);
			defaultConfigurationIsVisible = 0;
			defaultConfigurationName = Release;
		};
		577A75E12F4362CC0072CE59 /* Build configuration list for PBXNativeTarget "echos" */ = {
			isa = XCConfigurationList;
			buildConfigurations = (
				577A75E22F4362CC0072CE59 /* Debug */,
				577A75E32F4362CC0072CE59 /* Release */,
			);
			defaultConfigurationIsVisible = 0;
			defaultConfigurationName = Release;
		};
		AA1100000000000000000007 /* Build configuration list for PBXNativeTarget "echosTests" */ = {
			isa = XCConfigurationList;
			buildConfigurations = (
				AA1100000000000000000008 /* Debug */,
				AA1100000000000000000009 /* Release */,
			);
			defaultConfigurationIsVisible = 0;
			defaultConfigurationName = Release;
		};
		AA2200000000000000000007 /* Build configuration list for PBXNativeTarget "echosIntegrationTests" */ = {
			isa = XCConfigurationList;
			buildConfigurations = (
				AA2200000000000000000008 /* Debug */,
				AA2200000000000000000009 /* Release */,
			);
			defaultConfigurationIsVisible = 0;
			defaultConfigurationName = Release;
		};
/* End XCConfigurationList section */

/* Begin XCRemoteSwiftPackageReference section */
		AA3300000000000000000001 /* XCRemoteSwiftPackageReference "swift-async-algorithms" */ = {
			isa = XCRemoteSwiftPackageReference;
			repositoryURL = "https://github.com/apple/swift-async-algorithms.git";
			requirement = {
				kind = upToNextMajorVersion;
				minimumVersion = 1.0.0;
			};
		};
/* End XCRemoteSwiftPackageReference section */

/* Begin XCSwiftPackageProductDependency section */
		AA3300000000000000000002 /* AsyncAlgorithms */ = {
			isa = XCSwiftPackageProductDependency;
			package = AA3300000000000000000001 /* XCRemoteSwiftPackageReference "swift-async-algorithms" */;
			productName = AsyncAlgorithms;
		};
		AA3300000000000000000004 /* AsyncAlgorithms */ = {
			isa = XCSwiftPackageProductDependency;
			package = AA3300000000000000000001 /* XCRemoteSwiftPackageReference "swift-async-algorithms" */;
			productName = AsyncAlgorithms;
		};
/* End XCSwiftPackageProductDependency section */
	};
	rootObject = 577A75C62F4362CB0072CE59 /* Project object */;
}
